
Microsoft Visual Studio Solution File, Format Version 12.00
# Visual Studio Version 16
VisualStudioVersion = 16.0.31129.286
MinimumVisualStudioVersion = 10.0.40219.1
Project("{9A19103F-16F7-4668-BE54-9A1E7A4F7556}") = "JsonDiff", "JsonDiff\JsonDiff.csproj", "{685962FE-F7EE-4972-B067-8EF422443245}"
EndProject
Project("{9A19103F-16F7-4668-BE54-9A1E7A4F7556}") = "JsonDiffTest", "JsonDiffTest\JsonDiffTest.csproj", "{92A5534E-B7FC-4022-BD38-E978B6B5D89E}"
EndProject
Project("{00D1A9C2-B5F0-4AF3-8072-F6C62B433612}") = "Database", "Database\Database.sqlproj", "{C0696A26-21B6-4927-9197-87D95F111670}"
EndProject
Global
	GlobalSection(SolutionConfigurationPlatforms) = preSolution
		Debug|Any CPU = Debug|Any CPU
		Release|Any CPU = Release|Any CPU
	EndGlobalSection
	GlobalSection(ProjectConfigurationPlatforms) = postSolution
		{685962FE-F7EE-4972-B067-8EF422443245}.Debug|Any CPU.ActiveCfg = Debug|Any CPU
		{685962FE-F7EE-4972-B067-8EF422443245}.Debug|Any CPU.Build.0 = Debug|Any CPU
		{685962FE-F7EE-4972-B067-8EF422443245}.Release|Any CPU.ActiveCfg = Release|Any CPU
		{685962FE-F7EE-4972-B067-8EF422443245}.Release|Any CPU.Build.0 = Release|Any CPU
		{92A5534E-B7FC-4022-BD38-E978B6B5D89E}.Debug|Any CPU.ActiveCfg = Debug|Any CPU
		{92A5534E-B7FC-4022-BD38-E978B6B5D89E}.Debug|Any CPU.Build.0 = Debug|Any CPU
		{92A5534E-B7FC-4022-BD38-E978B6B5D89E}.Release|Any CPU.ActiveCfg = Release|Any CPU
		{92A5534E-B7FC-4022-BD38-E978B6B5D89E}.Release|Any CPU.Build.0 = Release|Any CPU
		{C0696A26-21B6-4927-9197-87D95F111670}.Debug|Any CPU.ActiveCfg = Debug|Any CPU
		{C0696A26-21B6-4927-9197-87D95F111670}.Debug|Any CPU.Build.0 = Debug|Any CPU
		{C0696A26-21B6-4927-9197-87D95F111670}.Debug|Any CPU.Deploy.0 = Debug|Any CPU
		{C0696A26-21B6-4927-9197-87D95F111670}.Release|Any CPU.ActiveCfg = Release|Any CPU
		{C0696A26-21B6-4927-9197-87D95F111670}.Release|Any CPU.Build.0 = Release|Any CPU
		{C0696A26-21B6-4927-9197-87D95F111670}.Release|Any CPU.Deploy.0 = Release|Any CPU
	EndGlobalSection
	GlobalSection(SolutionProperties) = preSolution
		HideSolutionNode = FALSE
	EndGlobalSection
	GlobalSection(ExtensibilityGlobals) = postSolution
		SolutionGuid = {4776F2C2-4DC1-47A3-BF64-1BE81976C633}
	EndGlobalSection
EndGlobal
